
Microsoft Visual Studio Solution File, Format Version 12.00
# Visual Studio Version 17
VisualStudioVersion = 17.1.32421.90
MinimumVisualStudioVersion = 10.0.40219.1
Project("{9A19103F-16F7-4668-BE54-9A1E7A4F7556}") = "Warehouse Management", "Warehouse Management\Warehouse Management.csproj", "{463AC120-1CB3-40D6-9374-662267D7B93F}"
EndProject
Project("{9A19103F-16F7-4668-BE54-9A1E7A4F7556}") = "BussinessObject", "BussinessObject\BussinessObject.csproj", "{58F235E9-4276-4869-8FB5-815E3150CCDB}"
EndProject
Project("{9A19103F-16F7-4668-BE54-9A1E7A4F7556}") = "DataAccess", "DataAccess\DataAccess.csproj", "{783914D1-B445-4F2D-BAE9-B8A773D2E153}"
EndProject
Project("{9A19103F-16F7-4668-BE54-9A1E7A4F7556}") = "Client", "Client\Client.csproj", "{5F25ABE0-9ADD-4DFC-94AB-30930D193A65}"
EndProject
Project("{FAE04EC0-301F-11D3-BF4B-00C04F79EFBC}") = "Repositories", "Repositories\Repositories.csproj", "{3C78FE42-7716-4DDF-A063-A36A1B7DBAEE}"
EndProject
Global
	GlobalSection(SolutionConfigurationPlatforms) = preSolution
		Debug|Any CPU = Debug|Any CPU
		Release|Any CPU = Release|Any CPU
	EndGlobalSection
	GlobalSection(ProjectConfigurationPlatforms) = postSolution
		{463AC120-1CB3-40D6-9374-662267D7B93F}.Debug|Any CPU.ActiveCfg = Debug|Any CPU
		{463AC120-1CB3-40D6-9374-662267D7B93F}.Debug|Any CPU.Build.0 = Debug|Any CPU
		{463AC120-1CB3-40D6-9374-662267D7B93F}.Release|Any CPU.ActiveCfg = Release|Any CPU
		{463AC120-1CB3-40D6-9374-662267D7B93F}.Release|Any CPU.Build.0 = Release|Any CPU
		{58F235E9-4276-4869-8FB5-815E3150CCDB}.Debug|Any CPU.ActiveCfg = Debug|Any CPU
		{58F235E9-4276-4869-8FB5-815E3150CCDB}.Debug|Any CPU.Build.0 = Debug|Any CPU
		{58F235E9-4276-4869-8FB5-815E3150CCDB}.Release|Any CPU.ActiveCfg = Release|Any CPU
		{58F235E9-4276-4869-8FB5-815E3150CCDB}.Release|Any CPU.Build.0 = Release|Any CPU
		{783914D1-B445-4F2D-BAE9-B8A773D2E153}.Debug|Any CPU.ActiveCfg = Debug|Any CPU
		{783914D1-B445-4F2D-BAE9-B8A773D2E153}.Debug|Any CPU.Build.0 = Debug|Any CPU
		{783914D1-B445-4F2D-BAE9-B8A773D2E153}.Release|Any CPU.ActiveCfg = Release|Any CPU
		{783914D1-B445-4F2D-BAE9-B8A773D2E153}.Release|Any CPU.Build.0 = Release|Any CPU
		{5F25ABE0-9ADD-4DFC-94AB-30930D193A65}.Debug|Any CPU.ActiveCfg = Debug|Any CPU
		{5F25ABE0-9ADD-4DFC-94AB-30930D193A65}.Debug|Any CPU.Build.0 = Debug|Any CPU
		{5F25ABE0-9ADD-4DFC-94AB-30930D193A65}.Release|Any CPU.ActiveCfg = Release|Any CPU
		{5F25ABE0-9ADD-4DFC-94AB-30930D193A65}.Release|Any CPU.Build.0 = Release|Any CPU
		{3C78FE42-7716-4DDF-A063-A36A1B7DBAEE}.Debug|Any CPU.ActiveCfg = Debug|Any CPU
		{3C78FE42-7716-4DDF-A063-A36A1B7DBAEE}.Debug|Any CPU.Build.0 = Debug|Any CPU
		{3C78FE42-7716-4DDF-A063-A36A1B7DBAEE}.Release|Any CPU.ActiveCfg = Release|Any CPU
		{3C78FE42-7716-4DDF-A063-A36A1B7DBAEE}.Release|Any CPU.Build.0 = Release|Any CPU
	EndGlobalSection
	GlobalSection(SolutionProperties) = preSolution
		HideSolutionNode = FALSE
	EndGlobalSection
	GlobalSection(ExtensibilityGlobals) = postSolution
		SolutionGuid = {322CA16D-CC89-45A5-919B-770038BA0FE5}
	EndGlobalSection
EndGlobal
